PODS:
  - Alamofire (3.2.1)
  - GoogleMaps (2.1.0):
    - GoogleMaps/Maps (= 2.1.0)
  - GoogleMaps/Base (2.1.0)
  - GoogleMaps/Maps (2.1.0):
    - GoogleMaps/Base (= 2.1.0)
  - ObjectMapper (1.4.0)

DEPENDENCIES:
  - Alamofire (~> 3.2.0)
  - GoogleMaps
  - ObjectMapper (~> 1.2)

SPEC CHECKSUMS:
  Alamofire: f11d8624a05f5d39e0c99309b3e600a3ba64298a
  GoogleMaps: 06589b9a38097bce0cd6e90f0fd9b5e4b4a9344c
  ObjectMapper: a07ad0462c5adf014adc0f89ef04c29b626e855e

PODFILE CHECKSUM: 6acd1587838c6d1e4bae066c9ebe0e9c988eb89c

COCOAPODS: 1.0.1
