// !$*UTF8*$!
{
	archiveVersion = 1;
	classes = {
	};
	objectVersion = 46;
	objects = {

/* Begin PBXBuildFile section */
		51E684411D964BBC0040C2AD /* API.swift in Sources */ = {isa = PBXBuildFile; fileRef = 51E684401D964BBC0040C2AD /* API.swift */; };
		51E684431D964BF00040C2AD /* APIContentType.swift in Sources */ = {isa = PBXBuildFile; fileRef = 51E684421D964BF00040C2AD /* APIContentType.swift */; };
		51E684451D964C110040C2AD /* APIHttpMethod.swift in Sources */ = {isa = PBXBuildFile; fileRef = 51E684441D964C110040C2AD /* APIHttpMethod.swift */; };
		51E684471D964D1F0040C2AD /* UploadFile.swift in Sources */ = {isa = PBXBuildFile; fileRef = 51E684461D964D1F0040C2AD /* UploadFile.swift */; };
		51E6844A1D964D880040C2AD /* UserRegisterViewController.swift in Sources */ = {isa = PBXBuildFile; fileRef = 51E684491D964D880040C2AD /* UserRegisterViewController.swift */; };
		51E6844D1D96505D0040C2AD /* FBSDKCoreKit.framework in Frameworks */ = {isa = PBXBuildFile; fileRef = 51E6844C1D96505D0040C2AD /* FBSDKCoreKit.framework */; };
		51E6844F1D9650690040C2AD /* FBSDKLoginKit.framework in Frameworks */ = {isa = PBXBuildFile; fileRef = 51E6844E1D9650690040C2AD /* FBSDKLoginKit.framework */; };
		51E684511D9654300040C2AD /* LoginViewController.swift in Sources */ = {isa = PBXBuildFile; fileRef = 51E684501D9654300040C2AD /* LoginViewController.swift */; };
		51E684541D96556F0040C2AD /* AlertUtil.swift in Sources */ = {isa = PBXBuildFile; fileRef = 51E684531D96556F0040C2AD /* AlertUtil.swift */; };
		51E684571D9657900040C2AD /* ViewShowAnimation.swift in Sources */ = {isa = PBXBuildFile; fileRef = 51E684561D9657900040C2AD /* ViewShowAnimation.swift */; };
		51F90C561D96826A00CBFB88 /* UserApi.swift in Sources */ = {isa = PBXBuildFile; fileRef = 51F90C551D96826A00CBFB88 /* UserApi.swift */; };
		51F90C581D96845F00CBFB88 /* IndicatorUtil.swift in Sources */ = {isa = PBXBuildFile; fileRef = 51F90C571D96845F00CBFB88 /* IndicatorUtil.swift */; };
		51F90C5A1D96853800CBFB88 /* AccountInfo.swift in Sources */ = {isa = PBXBuildFile; fileRef = 51F90C591D96853800CBFB88 /* AccountInfo.swift */; };
		C0909CF21D96384E00E3093A /* AppDelegate.swift in Sources */ = {isa = PBXBuildFile; fileRef = C0909CF11D96384E00E3093A /* AppDelegate.swift */; };
		C0909CF41D96384E00E3093A /* ViewController.swift in Sources */ = {isa = PBXBuildFile; fileRef = C0909CF31D96384E00E3093A /* ViewController.swift */; };
		C0909CF71D96384E00E3093A /* Main.storyboard in Resources */ = {isa = PBXBuildFile; fileRef = C0909CF51D96384E00E3093A /* Main.storyboard */; };
		C0909CF91D96384E00E3093A /* Assets.xcassets in Resources */ = {isa = PBXBuildFile; fileRef = C0909CF81D96384E00E3093A /* Assets.xcassets */; };
		C0909CFC1D96384E00E3093A /* LaunchScreen.storyboard in Resources */ = {isa = PBXBuildFile; fileRef = C0909CFA1D96384E00E3093A /* LaunchScreen.storyboard */; };
		C0909D071D96384E00E3093A /* SuperNOVA_appTests.swift in Sources */ = {isa = PBXBuildFile; fileRef = C0909D061D96384E00E3093A /* SuperNOVA_appTests.swift */; };
		C0909D121D96384E00E3093A /* SuperNOVA_appUITests.swift in Sources */ = {isa = PBXBuildFile; fileRef = C0909D111D96384E00E3093A /* SuperNOVA_appUITests.swift */; };
/* End PBXBuildFile section */

/* Begin PBXContainerItemProxy section */
		C0909D031D96384E00E3093A /* PBXContainerItemProxy */ = {
			isa = PBXContainerItemProxy;
			containerPortal = C0909CE61D96384E00E3093A /* Project object */;
			proxyType = 1;
			remoteGlobalIDString = C0909CED1D96384E00E3093A;
			remoteInfo = "SuperNOVA-app";
		};
		C0909D0E1D96384E00E3093A /* PBXContainerItemProxy */ = {
			isa = PBXContainerItemProxy;
			containerPortal = C0909CE61D96384E00E3093A /* Project object */;
			proxyType = 1;
			remoteGlobalIDString = C0909CED1D96384E00E3093A;
			remoteInfo = "SuperNOVA-app";
		};
/* End PBXContainerItemProxy section */

/* Begin PBXFileReference section */
		51E684401D964BBC0040C2AD /* API.swift */ = {isa = PBXFileReference; fileEncoding = 4; lastKnownFileType = sourcecode.swift; path = API.swift; sourceTree = "<group>"; };
		51E684421D964BF00040C2AD /* APIContentType.swift */ = {isa = PBXFileReference; fileEncoding = 4; lastKnownFileType = sourcecode.swift; path = APIContentType.swift; sourceTree = "<group>"; };
		51E684441D964C110040C2AD /* APIHttpMethod.swift */ = {isa = PBXFileReference; fileEncoding = 4; lastKnownFileType = sourcecode.swift; path = APIHttpMethod.swift; sourceTree = "<group>"; };
		51E684461D964D1F0040C2AD /* UploadFile.swift */ = {isa = PBXFileReference; fileEncoding = 4; lastKnownFileType = sourcecode.swift; path = UploadFile.swift; sourceTree = "<group>"; };
		51E684491D964D880040C2AD /* UserRegisterViewController.swift */ = {isa = PBXFileReference; fileEncoding = 4; lastKnownFileType = sourcecode.swift; path = UserRegisterViewController.swift; sourceTree = "<group>"; };
		51E6844C1D96505D0040C2AD /* FBSDKCoreKit.framework */ = {isa = PBXFileReference; lastKnownFileType = wrapper.framework; path = FBSDKCoreKit.framework; sourceTree = "<group>"; };
		51E6844E1D9650690040C2AD /* FBSDKLoginKit.framework */ = {isa = PBXFileReference; lastKnownFileType = wrapper.framework; path = FBSDKLoginKit.framework; sourceTree = "<group>"; };
		51E684501D9654300040C2AD /* LoginViewController.swift */ = {isa = PBXFileReference; fileEncoding = 4; lastKnownFileType = sourcecode.swift; path = LoginViewController.swift; sourceTree = "<group>"; };
		51E684531D96556F0040C2AD /* AlertUtil.swift */ = {isa = PBXFileReference; fileEncoding = 4; lastKnownFileType = sourcecode.swift; path = AlertUtil.swift; sourceTree = "<group>"; };
		51E684561D9657900040C2AD /* ViewShowAnimation.swift */ = {isa = PBXFileReference; fileEncoding = 4; lastKnownFileType = sourcecode.swift; path = ViewShowAnimation.swift; sourceTree = "<group>"; };
		51F90C551D96826A00CBFB88 /* UserApi.swift */ = {isa = PBXFileReference; fileEncoding = 4; lastKnownFileType = sourcecode.swift; path = UserApi.swift; sourceTree = "<group>"; };
		51F90C571D96845F00CBFB88 /* IndicatorUtil.swift */ = {isa = PBXFileReference; fileEncoding = 4; lastKnownFileType = sourcecode.swift; path = IndicatorUtil.swift; sourceTree = "<group>"; };
		51F90C591D96853800CBFB88 /* AccountInfo.swift */ = {isa = PBXFileReference; fileEncoding = 4; lastKnownFileType = sourcecode.swift; path = AccountInfo.swift; sourceTree = "<group>"; };
		C0909CEE1D96384E00E3093A /* SuperNOVA-app.app */ = {isa = PBXFileReference; explicitFileType = wrapper.application; includeInIndex = 0; path = "SuperNOVA-app.app"; sourceTree = BUILT_PRODUCTS_DIR; };
		C0909CF11D96384E00E3093A /* AppDelegate.swift */ = {isa = PBXFileReference; lastKnownFileType = sourcecode.swift; path = AppDelegate.swift; sourceTree = "<group>"; };
		C0909CF31D96384E00E3093A /* ViewController.swift */ = {isa = PBXFileReference; lastKnownFileType = sourcecode.swift; path = ViewController.swift; sourceTree = "<group>"; };
		C0909CF61D96384E00E3093A /* Base */ = {isa = PBXFileReference; lastKnownFileType = file.storyboard; name = Base; path = Base.lproj/Main.storyboard; sourceTree = "<group>"; };
		C0909CF81D96384E00E3093A /* Assets.xcassets */ = {isa = PBXFileReference; lastKnownFileType = folder.assetcatalog; path = Assets.xcassets; sourceTree = "<group>"; };
		C0909CFB1D96384E00E3093A /* Base */ = {isa = PBXFileReference; lastKnownFileType = file.storyboard; name = Base; path = Base.lproj/LaunchScreen.storyboard; sourceTree = "<group>"; };
		C0909CFD1D96384E00E3093A /* Info.plist */ = {isa = PBXFileReference; lastKnownFileType = text.plist.xml; path = Info.plist; sourceTree = "<group>"; };
		C0909D021D96384E00E3093A /* SuperNOVA-appTests.xctest */ = {isa = PBXFileReference; explicitFileType = wrapper.cfbundle; includeInIndex = 0; path = "SuperNOVA-appTests.xctest"; sourceTree = BUILT_PRODUCTS_DIR; };
		C0909D061D96384E00E3093A /* SuperNOVA_appTests.swift */ = {isa = PBXFileReference; lastKnownFileType = sourcecode.swift; path = SuperNOVA_appTests.swift; sourceTree = "<group>"; };
		C0909D081D96384E00E3093A /* Info.plist */ = {isa = PBXFileReference; lastKnownFileType = text.plist.xml; path = Info.plist; sourceTree = "<group>"; };
		C0909D0D1D96384E00E3093A /* SuperNOVA-appUITests.xctest */ = {isa = PBXFileReference; explicitFileType = wrapper.cfbundle; includeInIndex = 0; path = "SuperNOVA-appUITests.xctest"; sourceTree = BUILT_PRODUCTS_DIR; };
		C0909D111D96384E00E3093A /* SuperNOVA_appUITests.swift */ = {isa = PBXFileReference; lastKnownFileType = sourcecode.swift; path = SuperNOVA_appUITests.swift; sourceTree = "<group>"; };
		C0909D131D96384E00E3093A /* Info.plist */ = {isa = PBXFileReference; lastKnownFileType = text.plist.xml; path = Info.plist; sourceTree = "<group>"; };
/* End PBXFileReference section */

/* Begin PBXFrameworksBuildPhase section */
		C0909CEB1D96384E00E3093A /* Frameworks */ = {
			isa = PBXFrameworksBuildPhase;
			buildActionMask = 2147483647;
			files = (
				51E6844F1D9650690040C2AD /* FBSDKLoginKit.framework in Frameworks */,
				51E6844D1D96505D0040C2AD /* FBSDKCoreKit.framework in Frameworks */,
			);
			runOnlyForDeploymentPostprocessing = 0;
		};
		C0909CFF1D96384E00E3093A /* Frameworks */ = {
			isa = PBXFrameworksBuildPhase;
			buildActionMask = 2147483647;
			files = (
			);
			runOnlyForDeploymentPostprocessing = 0;
		};
		C0909D0A1D96384E00E3093A /* Frameworks */ = {
			isa = PBXFrameworksBuildPhase;
			buildActionMask = 2147483647;
			files = (
			);
			runOnlyForDeploymentPostprocessing = 0;
		};
/* End PBXFrameworksBuildPhase section */

/* Begin PBXGroup section */
		51E6843F1D964B650040C2AD /* APIs */ = {
			isa = PBXGroup;
			children = (
				51E684401D964BBC0040C2AD /* API.swift */,
				51E684421D964BF00040C2AD /* APIContentType.swift */,
				51E684441D964C110040C2AD /* APIHttpMethod.swift */,
				51E684461D964D1F0040C2AD /* UploadFile.swift */,
				51F90C551D96826A00CBFB88 /* UserApi.swift */,
			);
			name = APIs;
			sourceTree = "<group>";
		};
		51E684481D964D460040C2AD /* ViewControllers */ = {
			isa = PBXGroup;
			children = (
				51E684491D964D880040C2AD /* UserRegisterViewController.swift */,
				51E684501D9654300040C2AD /* LoginViewController.swift */,
			);
			name = ViewControllers;
			sourceTree = "<group>";
		};
		51E6844B1D964F8D0040C2AD /* Frameworks */ = {
			isa = PBXGroup;
			children = (
				51E6844E1D9650690040C2AD /* FBSDKLoginKit.framework */,
				51E6844C1D96505D0040C2AD /* FBSDKCoreKit.framework */,
			);
			name = Frameworks;
			sourceTree = "<group>";
		};
		51E684521D9655460040C2AD /* Utils */ = {
			isa = PBXGroup;
			children = (
				51E684531D96556F0040C2AD /* AlertUtil.swift */,
				51F90C571D96845F00CBFB88 /* IndicatorUtil.swift */,
				51F90C591D96853800CBFB88 /* AccountInfo.swift */,
			);
			name = Utils;
			sourceTree = "<group>";
		};
		51E684551D9657710040C2AD /* Animation */ = {
			isa = PBXGroup;
			children = (
				51E684561D9657900040C2AD /* ViewShowAnimation.swift */,
			);
			name = Animation;
			sourceTree = "<group>";
		};
		C0909CE51D96384E00E3093A = {
			isa = PBXGroup;
			children = (
				C0909CF01D96384E00E3093A /* SuperNOVA-app */,
				C0909D051D96384E00E3093A /* SuperNOVA-appTests */,
				C0909D101D96384E00E3093A /* SuperNOVA-appUITests */,
				C0909CEF1D96384E00E3093A /* Products */,
			);
			sourceTree = "<group>";
		};
		C0909CEF1D96384E00E3093A /* Products */ = {
			isa = PBXGroup;
			children = (
				C0909CEE1D96384E00E3093A /* SuperNOVA-app.app */,
				C0909D021D96384E00E3093A /* SuperNOVA-appTests.xctest */,
				C0909D0D1D96384E00E3093A /* SuperNOVA-appUITests.xctest */,
			);
			name = Products;
			sourceTree = "<group>";
		};
		C0909CF01D96384E00E3093A /* SuperNOVA-app */ = {
			isa = PBXGroup;
			children = (
				51E684551D9657710040C2AD /* Animation */,
				51E684521D9655460040C2AD /* Utils */,
				51E6844B1D964F8D0040C2AD /* Frameworks */,
				51E684481D964D460040C2AD /* ViewControllers */,
				51E6843F1D964B650040C2AD /* APIs */,
				C0909CF11D96384E00E3093A /* AppDelegate.swift */,
				C0909CF31D96384E00E3093A /* ViewController.swift */,
				C0909CF51D96384E00E3093A /* Main.storyboard */,
				C0909CF81D96384E00E3093A /* Assets.xcassets */,
				C0909CFA1D96384E00E3093A /* LaunchScreen.storyboard */,
				C0909CFD1D96384E00E3093A /* Info.plist */,
			);
			path = "SuperNOVA-app";
			sourceTree = "<group>";
		};
		C0909D051D96384E00E3093A /* SuperNOVA-appTests */ = {
			isa = PBXGroup;
			children = (
				C0909D061D96384E00E3093A /* SuperNOVA_appTests.swift */,
				C0909D081D96384E00E3093A /* Info.plist */,
			);
			path = "SuperNOVA-appTests";
			sourceTree = "<group>";
		};
		C0909D101D96384E00E3093A /* SuperNOVA-appUITests */ = {
			isa = PBXGroup;
			children = (
				C0909D111D96384E00E3093A /* SuperNOVA_appUITests.swift */,
				C0909D131D96384E00E3093A /* Info.plist */,
			);
			path = "SuperNOVA-appUITests";
			sourceTree = "<group>";
		};
/* End PBXGroup section */

/* Begin PBXNativeTarget section */
		C0909CED1D96384E00E3093A /* SuperNOVA-app */ = {
			isa = PBXNativeTarget;
			buildConfigurationList = C0909D161D96384E00E3093A /* Build configuration list for PBXNativeTarget "SuperNOVA-app" */;
			buildPhases = (
				C0909CEA1D96384E00E3093A /* Sources */,
				C0909CEB1D96384E00E3093A /* Frameworks */,
				C0909CEC1D96384E00E3093A /* Resources */,
			);
			buildRules = (
			);
			dependencies = (
			);
			name = "SuperNOVA-app";
			productName = "SuperNOVA-app";
			productReference = C0909CEE1D96384E00E3093A /* SuperNOVA-app.app */;
			productType = "com.apple.product-type.application";
		};
		C0909D011D96384E00E3093A /* SuperNOVA-appTests */ = {
			isa = PBXNativeTarget;
			buildConfigurationList = C0909D191D96384E00E3093A /* Build configuration list for PBXNativeTarget "SuperNOVA-appTests" */;
			buildPhases = (
				C0909CFE1D96384E00E3093A /* Sources */,
				C0909CFF1D96384E00E3093A /* Frameworks */,
				C0909D001D96384E00E3093A /* Resources */,
			);
			buildRules = (
			);
			dependencies = (
				C0909D041D96384E00E3093A /* PBXTargetDependency */,
			);
			name = "SuperNOVA-appTests";
			productName = "SuperNOVA-appTests";
			productReference = C0909D021D96384E00E3093A /* SuperNOVA-appTests.xctest */;
			productType = "com.apple.product-type.bundle.unit-test";
		};
		C0909D0C1D96384E00E3093A /* SuperNOVA-appUITests */ = {
			isa = PBXNativeTarget;
			buildConfigurationList = C0909D1C1D96384E00E3093A /* Build configuration list for PBXNativeTarget "SuperNOVA-appUITests" */;
			buildPhases = (
				C0909D091D96384E00E3093A /* Sources */,
				C0909D0A1D96384E00E3093A /* Frameworks */,
				C0909D0B1D96384E00E3093A /* Resources */,
			);
			buildRules = (
			);
			dependencies = (
				C0909D0F1D96384E00E3093A /* PBXTargetDependency */,
			);
			name = "SuperNOVA-appUITests";
			productName = "SuperNOVA-appUITests";
			productReference = C0909D0D1D96384E00E3093A /* SuperNOVA-appUITests.xctest */;
			productType = "com.apple.product-type.bundle.ui-testing";
		};
/* End PBXNativeTarget section */

/* Begin PBXProject section */
		C0909CE61D96384E00E3093A /* Project object */ = {
			isa = PBXProject;
			attributes = {
				LastSwiftUpdateCheck = 0730;
				LastUpgradeCheck = 0730;
				ORGANIZATIONNAME = SuperNOVA;
				TargetAttributes = {
					C0909CED1D96384E00E3093A = {
						CreatedOnToolsVersion = 7.3.1;
					};
					C0909D011D96384E00E3093A = {
						CreatedOnToolsVersion = 7.3.1;
						TestTargetID = C0909CED1D96384E00E3093A;
					};
					C0909D0C1D96384E00E3093A = {
						CreatedOnToolsVersion = 7.3.1;
						TestTargetID = C0909CED1D96384E00E3093A;
					};
				};
			};
			buildConfigurationList = C0909CE91D96384E00E3093A /* Build configuration list for PBXProject "SuperNOVA-app" */;
			compatibilityVersion = "Xcode 3.2";
			developmentRegion = English;
			hasScannedForEncodings = 0;
			knownRegions = (
				en,
				Base,
			);
			mainGroup = C0909CE51D96384E00E3093A;
			productRefGroup = C0909CEF1D96384E00E3093A /* Products */;
			projectDirPath = "";
			projectRoot = "";
			targets = (
				C0909CED1D96384E00E3093A /* SuperNOVA-app */,
				C0909D011D96384E00E3093A /* SuperNOVA-appTests */,
				C0909D0C1D96384E00E3093A /* SuperNOVA-appUITests */,
			);
		};
/* End PBXProject section */

/* Begin PBXResourcesBuildPhase section */
		C0909CEC1D96384E00E3093A /* Resources */ = {
			isa = PBXResourcesBuildPhase;
			buildActionMask = 2147483647;
			files = (
				C0909CFC1D96384E00E3093A /* LaunchScreen.storyboard in Resources */,
				C0909CF91D96384E00E3093A /* Assets.xcassets in Resources */,
				C0909CF71D96384E00E3093A /* Main.storyboard in Resources */,
			);
			runOnlyForDeploymentPostprocessing = 0;
		};
		C0909D001D96384E00E3093A /* Resources */ = {
			isa = PBXResourcesBuildPhase;
			buildActionMask = 2147483647;
			files = (
			);
			runOnlyForDeploymentPostprocessing = 0;
		};
		C0909D0B1D96384E00E3093A /* Resources */ = {
			isa = PBXResourcesBuildPhase;
			buildActionMask = 2147483647;
			files = (
			);
			runOnlyForDeploymentPostprocessing = 0;
		};
/* End PBXResourcesBuildPhase section */

/* Begin PBXSourcesBuildPhase section */
		C0909CEA1D96384E00E3093A /* Sources */ = {
			isa = PBXSourcesBuildPhase;
			buildActionMask = 2147483647;
			files = (
				51E684471D964D1F0040C2AD /* UploadFile.swift in Sources */,
				51F90C5A1D96853800CBFB88 /* AccountInfo.swift in Sources */,
				51F90C581D96845F00CBFB88 /* IndicatorUtil.swift in Sources */,
				C0909CF41D96384E00E3093A /* ViewController.swift in Sources */,
				51E684411D964BBC0040C2AD /* API.swift in Sources */,
				51E6844A1D964D880040C2AD /* UserRegisterViewController.swift in Sources */,
				51E684511D9654300040C2AD /* LoginViewController.swift in Sources */,
				51E684431D964BF00040C2AD /* APIContentType.swift in Sources */,
				51E684451D964C110040C2AD /* APIHttpMethod.swift in Sources */,
				51E684541D96556F0040C2AD /* AlertUtil.swift in Sources */,
				51E684571D9657900040C2AD /* ViewShowAnimation.swift in Sources */,
				C0909CF21D96384E00E3093A /* AppDelegate.swift in Sources */,
				51F90C561D96826A00CBFB88 /* UserApi.swift in Sources */,
			);
			runOnlyForDeploymentPostprocessing = 0;
		};
		C0909CFE1D96384E00E3093A /* Sources */ = {
			isa = PBXSourcesBuildPhase;
			buildActionMask = 2147483647;
			files = (
				C0909D071D96384E00E3093A /* SuperNOVA_appTests.swift in Sources */,
			);
			runOnlyForDeploymentPostprocessing = 0;
		};
		C0909D091D96384E00E3093A /* Sources */ = {
			isa = PBXSourcesBuildPhase;
			buildActionMask = 2147483647;
			files = (
				C0909D121D96384E00E3093A /* SuperNOVA_appUITests.swift in Sources */,
			);
			runOnlyForDeploymentPostprocessing = 0;
		};
/* End PBXSourcesBuildPhase section */

/* Begin PBXTargetDependency section */
		C0909D041D96384E00E3093A /* PBXTargetDependency */ = {
			isa = PBXTargetDependency;
			target = C0909CED1D96384E00E3093A /* SuperNOVA-app */;
			targetProxy = C0909D031D96384E00E3093A /* PBXContainerItemProxy */;
		};
		C0909D0F1D96384E00E3093A /* PBXTargetDependency */ = {
			isa = PBXTargetDependency;
			target = C0909CED1D96384E00E3093A /* SuperNOVA-app */;
			targetProxy = C0909D0E1D96384E00E3093A /* PBXContainerItemProxy */;
		};
/* End PBXTargetDependency section */

/* Begin PBXVariantGroup section */
		C0909CF51D96384E00E3093A /* Main.storyboard */ = {
			isa = PBXVariantGroup;
			children = (
				C0909CF61D96384E00E3093A /* Base */,
			);
			name = Main.storyboard;
			sourceTree = "<group>";
		};
		C0909CFA1D96384E00E3093A /* LaunchScreen.storyboard */ = {
			isa = PBXVariantGroup;
			children = (
				C0909CFB1D96384E00E3093A /* Base */,
			);
			name = LaunchScreen.storyboard;
			sourceTree = "<group>";
		};
/* End PBXVariantGroup section */

/* Begin XCBuildConfiguration section */
		C0909D141D96384E00E3093A /* Debug */ = {
			isa = XCBuildConfiguration;
			buildSettings = {
				ALWAYS_SEARCH_USER_PATHS = NO;
				CLANG_ANALYZER_NONNULL = YES;
				CLANG_CXX_LANGUAGE_STANDARD = "gnu++0x";
				CLANG_CXX_LIBRARY = "libc++";
				CLANG_ENABLE_MODULES = YES;
				CLANG_ENABLE_OBJC_ARC = YES;
				CLANG_WARN_BOOL_CONVERSION = YES;
				CLANG_WARN_CONSTANT_CONVERSION = YES;
				CLANG_WARN_DIRECT_OBJC_ISA_USAGE = YES_ERROR;
				CLANG_WARN_EMPTY_BODY = YES;
				CLANG_WARN_ENUM_CONVERSION = YES;
				CLANG_WARN_INT_CONVERSION = YES;
				CLANG_WARN_OBJC_ROOT_CLASS = YES_ERROR;
				CLANG_WARN_UNREACHABLE_CODE = YES;
				CLANG_WARN__DUPLICATE_METHOD_MATCH = YES;
				"CODE_SIGN_IDENTITY[sdk=iphoneos*]" = "iPhone Developer";
				COPY_PHASE_STRIP = NO;
				DEBUG_INFORMATION_FORMAT = dwarf;
				ENABLE_STRICT_OBJC_MSGSEND = YES;
				ENABLE_TESTABILITY = YES;
				GCC_C_LANGUAGE_STANDARD = gnu99;
				GCC_DYNAMIC_NO_PIC = NO;
				GCC_NO_COMMON_BLOCKS = YES;
				GCC_OPTIMIZATION_LEVEL = 0;
				GCC_PREPROCESSOR_DEFINITIONS = (
					"DEBUG=1",
					"$(inherited)",
				);
				GCC_WARN_64_TO_32_BIT_CONVERSION = YES;
				GCC_WARN_ABOUT_RETURN_TYPE = YES_ERROR;
				GCC_WARN_UNDECLARED_SELECTOR = YES;
				GCC_WARN_UNINITIALIZED_AUTOS = YES_AGGRESSIVE;
				GCC_WARN_UNUSED_FUNCTION = YES;
				GCC_WARN_UNUSED_VARIABLE = YES;
				IPHONEOS_DEPLOYMENT_TARGET = 9.3;
				MTL_ENABLE_DEBUG_INFO = YES;
				ONLY_ACTIVE_ARCH = YES;
				SDKROOT = iphoneos;
				SWIFT_OPTIMIZATION_LEVEL = "-Onone";
			};
			name = Debug;
		};
		C0909D151D96384E00E3093A /* Release */ = {
			isa = XCBuildConfiguration;
			buildSettings = {
				ALWAYS_SEARCH_USER_PATHS = NO;
				CLANG_ANALYZER_NONNULL = YES;
				CLANG_CXX_LANGUAGE_STANDARD = "gnu++0x";
				CLANG_CXX_LIBRARY = "libc++";
				CLANG_ENABLE_MODULES = YES;
				CLANG_ENABLE_OBJC_ARC = YES;
				CLANG_WARN_BOOL_CONVERSION = YES;
				CLANG_WARN_CONSTANT_CONVERSION = YES;
				CLANG_WARN_DIRECT_OBJC_ISA_USAGE = YES_ERROR;
				CLANG_WARN_EMPTY_BODY = YES;
				CLANG_WARN_ENUM_CONVERSION = YES;
				CLANG_WARN_INT_CONVERSION = YES;
				CLANG_WARN_OBJC_ROOT_CLASS = YES_ERROR;
				CLANG_WARN_UNREACHABLE_CODE = YES;
				CLANG_WARN__DUPLICATE_METHOD_MATCH = YES;
				"CODE_SIGN_IDENTITY[sdk=iphoneos*]" = "iPhone Developer";
				COPY_PHASE_STRIP = NO;
				DEBUG_INFORMATION_FORMAT = "dwarf-with-dsym";
				ENABLE_NS_ASSERTIONS = NO;
				ENABLE_STRICT_OBJC_MSGSEND = YES;
				GCC_C_LANGUAGE_STANDARD = gnu99;
				GCC_NO_COMMON_BLOCKS = YES;
				GCC_WARN_64_TO_32_BIT_CONVERSION = YES;
				GCC_WARN_ABOUT_RETURN_TYPE = YES_ERROR;
				GCC_WARN_UNDECLARED_SELECTOR = YES;
				GCC_WARN_UNINITIALIZED_AUTOS = YES_AGGRESSIVE;
				GCC_WARN_UNUSED_FUNCTION = YES;
				GCC_WARN_UNUSED_VARIABLE = YES;
				IPHONEOS_DEPLOYMENT_TARGET = 9.3;
				MTL_ENABLE_DEBUG_INFO = NO;
				SDKROOT = iphoneos;
				VALIDATE_PRODUCT = YES;
			};
			name = Release;
		};
		C0909D171D96384E00E3093A /* Debug */ = {
			isa = XCBuildConfiguration;
			buildSettings = {
				ASSETCATALOG_COMPILER_APPICON_NAME = AppIcon;
				FRAMEWORK_SEARCH_PATHS = (
					"$(inherited)",
					"$(PROJECT_DIR)/SuperNOVA-app",
				);
				INFOPLIST_FILE = "SuperNOVA-app/Info.plist";
				LD_RUNPATH_SEARCH_PATHS = "$(inherited) @executable_path/Frameworks";
				PRODUCT_BUNDLE_IDENTIFIER = "supernova.SuperNOVA-app";
				PRODUCT_NAME = "$(TARGET_NAME)";
			};
			name = Debug;
		};
		C0909D181D96384E00E3093A /* Release */ = {
			isa = XCBuildConfiguration;
			buildSettings = {
				ASSETCATALOG_COMPILER_APPICON_NAME = AppIcon;
				FRAMEWORK_SEARCH_PATHS = (
					"$(inherited)",
					"$(PROJECT_DIR)/SuperNOVA-app",
				);
				INFOPLIST_FILE = "SuperNOVA-app/Info.plist";
				LD_RUNPATH_SEARCH_PATHS = "$(inherited) @executable_path/Frameworks";
				PRODUCT_BUNDLE_IDENTIFIER = "supernova.SuperNOVA-app";
				PRODUCT_NAME = "$(TARGET_NAME)";
			};
			name = Release;
		};
		C0909D1A1D96384E00E3093A /* Debug */ = {
			isa = XCBuildConfiguration;
			buildSettings = {
				BUNDLE_LOADER = "$(TEST_HOST)";
				INFOPLIST_FILE = "SuperNOVA-appTests/Info.plist";
				LD_RUNPATH_SEARCH_PATHS = "$(inherited) @executable_path/Frameworks @loader_path/Frameworks";
				PRODUCT_BUNDLE_IDENTIFIER = "supernova.SuperNOVA-appTests";
				PRODUCT_NAME = "$(TARGET_NAME)";
				TEST_HOST = "$(BUILT_PRODUCTS_DIR)/SuperNOVA-app.app/SuperNOVA-app";
			};
			name = Debug;
		};
		C0909D1B1D96384E00E3093A /* Release */ = {
			isa = XCBuildConfiguration;
			buildSettings = {
				BUNDLE_LOADER = "$(TEST_HOST)";
				INFOPLIST_FILE = "SuperNOVA-appTests/Info.plist";
				LD_RUNPATH_SEARCH_PATHS = "$(inherited) @executable_path/Frameworks @loader_path/Frameworks";
				PRODUCT_BUNDLE_IDENTIFIER = "supernova.SuperNOVA-appTests";
				PRODUCT_NAME = "$(TARGET_NAME)";
				TEST_HOST = "$(BUILT_PRODUCTS_DIR)/SuperNOVA-app.app/SuperNOVA-app";
			};
			name = Release;
		};
		C0909D1D1D96384E00E3093A /* Debug */ = {
			isa = XCBuildConfiguration;
			buildSettings = {
				INFOPLIST_FILE = "SuperNOVA-appUITests/Info.plist";
				LD_RUNPATH_SEARCH_PATHS = "$(inherited) @executable_path/Frameworks @loader_path/Frameworks";
				PRODUCT_BUNDLE_IDENTIFIER = "supernova.SuperNOVA-appUITests";
				PRODUCT_NAME = "$(TARGET_NAME)";
				TEST_TARGET_NAME = "SuperNOVA-app";
			};
			name = Debug;
		};
		C0909D1E1D96384E00E3093A /* Release */ = {
			isa = XCBuildConfiguration;
			buildSettings = {
				INFOPLIST_FILE = "SuperNOVA-appUITests/Info.plist";
				LD_RUNPATH_SEARCH_PATHS = "$(inherited) @executable_path/Frameworks @loader_path/Frameworks";
				PRODUCT_BUNDLE_IDENTIFIER = "supernova.SuperNOVA-appUITests";
				PRODUCT_NAME = "$(TARGET_NAME)";
				TEST_TARGET_NAME = "SuperNOVA-app";
			};
			name = Release;
		};
/* End XCBuildConfiguration section */

/* Begin XCConfigurationList section */
		C0909CE91D96384E00E3093A /* Build configuration list for PBXProject "SuperNOVA-app" */ = {
			isa = XCConfigurationList;
			buildConfigurations = (
				C0909D141D96384E00E3093A /* Debug */,
				C0909D151D96384E00E3093A /* Release */,
			);
			defaultConfigurationIsVisible = 0;
			defaultConfigurationName = Release;
		};
		C0909D161D96384E00E3093A /* Build configuration list for PBXNativeTarget "SuperNOVA-app" */ = {
			isa = XCConfigurationList;
			buildConfigurations = (
				C0909D171D96384E00E3093A /* Debug */,
				C0909D181D96384E00E3093A /* Release */,
			);
			defaultConfigurationIsVisible = 0;
			defaultConfigurationName = Release;
		};
		C0909D191D96384E00E3093A /* Build configuration list for PBXNativeTarget "SuperNOVA-appTests" */ = {
			isa = XCConfigurationList;
			buildConfigurations = (
				C0909D1A1D96384E00E3093A /* Debug */,
				C0909D1B1D96384E00E3093A /* Release */,
			);
			defaultConfigurationIsVisible = 0;
			defaultConfigurationName = Release;
		};
		C0909D1C1D96384E00E3093A /* Build configuration list for PBXNativeTarget "SuperNOVA-appUITests" */ = {
			isa = XCConfigurationList;
			buildConfigurations = (
				C0909D1D1D96384E00E3093A /* Debug */,
				C0909D1E1D96384E00E3093A /* Release */,
			);
			defaultConfigurationIsVisible = 0;
			defaultConfigurationName = Release;
		};
/* End XCConfigurationList section */
	};
	rootObject = C0909CE61D96384E00E3093A /* Project object */;
}
