// !$*UTF8*$!
{
	archiveVersion = 1;
	classes = {
	};
	objectVersion = 46;
	objects = {

/* Begin PBXBuildFile section */
		09AA4650772C39CFA2492420 /* Pods_SuperNOVA_appTests.framework in Frameworks */ = {isa = PBXBuildFile; fileRef = D927C576FA07B75C460D67D2 /* Pods_SuperNOVA_appTests.framework */; };
		51E684411D964BBC0040C2AD /* API.swift in Sources */ = {isa = PBXBuildFile; fileRef = 51E684401D964BBC0040C2AD /* API.swift */; };
		51E684431D964BF00040C2AD /* APIContentType.swift in Sources */ = {isa = PBXBuildFile; fileRef = 51E684421D964BF00040C2AD /* APIContentType.swift */; };
		51E684451D964C110040C2AD /* APIHttpMethod.swift in Sources */ = {isa = PBXBuildFile; fileRef = 51E684441D964C110040C2AD /* APIHttpMethod.swift */; };
		51E684471D964D1F0040C2AD /* UploadFile.swift in Sources */ = {isa = PBXBuildFile; fileRef = 51E684461D964D1F0040C2AD /* UploadFile.swift */; };
		51E6844A1D964D880040C2AD /* UserRegisterViewController.swift in Sources */ = {isa = PBXBuildFile; fileRef = 51E684491D964D880040C2AD /* UserRegisterViewController.swift */; };
		51E6844D1D96505D0040C2AD /* FBSDKCoreKit.framework in Frameworks */ = {isa = PBXBuildFile; fileRef = 51E6844C1D96505D0040C2AD /* FBSDKCoreKit.framework */; };
		51E6844F1D9650690040C2AD /* FBSDKLoginKit.framework in Frameworks */ = {isa = PBXBuildFile; fileRef = 51E6844E1D9650690040C2AD /* FBSDKLoginKit.framework */; };
		51E684511D9654300040C2AD /* LoginViewController.swift in Sources */ = {isa = PBXBuildFile; fileRef = 51E684501D9654300040C2AD /* LoginViewController.swift */; };
		51E684541D96556F0040C2AD /* AlertUtil.swift in Sources */ = {isa = PBXBuildFile; fileRef = 51E684531D96556F0040C2AD /* AlertUtil.swift */; };
		51E684571D9657900040C2AD /* ViewShowAnimation.swift in Sources */ = {isa = PBXBuildFile; fileRef = 51E684561D9657900040C2AD /* ViewShowAnimation.swift */; };
		51F90C561D96826A00CBFB88 /* UserApi.swift in Sources */ = {isa = PBXBuildFile; fileRef = 51F90C551D96826A00CBFB88 /* UserApi.swift */; };
		51F90C581D96845F00CBFB88 /* IndicatorUtil.swift in Sources */ = {isa = PBXBuildFile; fileRef = 51F90C571D96845F00CBFB88 /* IndicatorUtil.swift */; };
		51F90C5A1D96853800CBFB88 /* AccountInfo.swift in Sources */ = {isa = PBXBuildFile; fileRef = 51F90C591D96853800CBFB88 /* AccountInfo.swift */; };
		51F90C5C1D96B1D200CBFB88 /* MergerApi.swift in Sources */ = {isa = PBXBuildFile; fileRef = 51F90C5B1D96B1D200CBFB88 /* MergerApi.swift */; };
		51F90C5E1D96ED1C00CBFB88 /* CallViewController.swift in Sources */ = {isa = PBXBuildFile; fileRef = 51F90C5D1D96ED1C00CBFB88 /* CallViewController.swift */; };
		51F90C601D96EECC00CBFB88 /* ConversationViewController.swift in Sources */ = {isa = PBXBuildFile; fileRef = 51F90C5F1D96EECC00CBFB88 /* ConversationViewController.swift */; };
		51F90C621D96F0CC00CBFB88 /* EvaluateViewController.swift in Sources */ = {isa = PBXBuildFile; fileRef = 51F90C611D96F0CC00CBFB88 /* EvaluateViewController.swift */; };
		51F90C641D97134E00CBFB88 /* EncounterViewController.swift in Sources */ = {isa = PBXBuildFile; fileRef = 51F90C631D97134E00CBFB88 /* EncounterViewController.swift */; };
		51F90C661D971F7100CBFB88 /* WaitingViewController.swift in Sources */ = {isa = PBXBuildFile; fileRef = 51F90C651D971F7100CBFB88 /* WaitingViewController.swift */; };
		51F90C681D971FF400CBFB88 /* WaitingMapController.swift in Sources */ = {isa = PBXBuildFile; fileRef = 51F90C671D971FF400CBFB88 /* WaitingMapController.swift */; };
		51F90C6A1D97360400CBFB88 /* TeacherWaitingViewController.swift in Sources */ = {isa = PBXBuildFile; fileRef = 51F90C691D97360400CBFB88 /* TeacherWaitingViewController.swift */; };
		82B24E17E57ADDB44E41E9D8 /* Pods_SuperNOVA_app.framework in Frameworks */ = {isa = PBXBuildFile; fileRef = 010B41CDE26002C5956D611A /* Pods_SuperNOVA_app.framework */; };
		C0909CF21D96384E00E3093A /* AppDelegate.swift in Sources */ = {isa = PBXBuildFile; fileRef = C0909CF11D96384E00E3093A /* AppDelegate.swift */; };
		C0909CF41D96384E00E3093A /* ViewController.swift in Sources */ = {isa = PBXBuildFile; fileRef = C0909CF31D96384E00E3093A /* ViewController.swift */; };
		C0909CF71D96384E00E3093A /* Main.storyboard in Resources */ = {isa = PBXBuildFile; fileRef = C0909CF51D96384E00E3093A /* Main.storyboard */; };
		C0909CF91D96384E00E3093A /* Assets.xcassets in Resources */ = {isa = PBXBuildFile; fileRef = C0909CF81D96384E00E3093A /* Assets.xcassets */; };
		C0909CFC1D96384E00E3093A /* LaunchScreen.storyboard in Resources */ = {isa = PBXBuildFile; fileRef = C0909CFA1D96384E00E3093A /* LaunchScreen.storyboard */; };
		C0909D071D96384E00E3093A /* SuperNOVA_appTests.swift in Sources */ = {isa = PBXBuildFile; fileRef = C0909D061D96384E00E3093A /* SuperNOVA_appTests.swift */; };
		C0909D121D96384E00E3093A /* SuperNOVA_appUITests.swift in Sources */ = {isa = PBXBuildFile; fileRef = C0909D111D96384E00E3093A /* SuperNOVA_appUITests.swift */; };
		C0D411101D9731A100986D18 /* MapViewController.swift in Sources */ = {isa = PBXBuildFile; fileRef = C0909D1F1D964DC100E3093A /* MapViewController.swift */; };
		D34587B2BE0E0EFC4CFF46DD /* Pods_SuperNOVA_appUITests.framework in Frameworks */ = {isa = PBXBuildFile; fileRef = 0AEE594A125CDF39B9E88EA9 /* Pods_SuperNOVA_appUITests.framework */; };
/* End PBXBuildFile section */

/* Begin PBXContainerItemProxy section */
		C0909D031D96384E00E3093A /* PBXContainerItemProxy */ = {
			isa = PBXContainerItemProxy;
			containerPortal = C0909CE61D96384E00E3093A /* Project object */;
			proxyType = 1;
			remoteGlobalIDString = C0909CED1D96384E00E3093A;
			remoteInfo = "SuperNOVA-app";
		};
		C0909D0E1D96384E00E3093A /* PBXContainerItemProxy */ = {
			isa = PBXContainerItemProxy;
			containerPortal = C0909CE61D96384E00E3093A /* Project object */;
			proxyType = 1;
			remoteGlobalIDString = C0909CED1D96384E00E3093A;
			remoteInfo = "SuperNOVA-app";
		};
/* End PBXContainerItemProxy section */

/* Begin PBXFileReference section */
		010B41CDE26002C5956D611A /* Pods_SuperNOVA_app.framework */ = {isa = PBXFileReference; explicitFileType = wrapper.framework; includeInIndex = 0; path = Pods_SuperNOVA_app.framework; sourceTree = BUILT_PRODUCTS_DIR; };
		0AEE594A125CDF39B9E88EA9 /* Pods_SuperNOVA_appUITests.framework */ = {isa = PBXFileReference; explicitFileType = wrapper.framework; includeInIndex = 0; path = Pods_SuperNOVA_appUITests.framework; sourceTree = BUILT_PRODUCTS_DIR; };
		2B91B2231A7128635D6BE9BC /* Pods-SuperNOVA-app.debug.xcconfig */ = {isa = PBXFileReference; includeInIndex = 1; lastKnownFileType = text.xcconfig; name = "Pods-SuperNOVA-app.debug.xcconfig"; path = "Pods/Target Support Files/Pods-SuperNOVA-app/Pods-SuperNOVA-app.debug.xcconfig"; sourceTree = "<group>"; };
		51E684401D964BBC0040C2AD /* API.swift */ = {isa = PBXFileReference; fileEncoding = 4; lastKnownFileType = sourcecode.swift; path = API.swift; sourceTree = "<group>"; };
		51E684421D964BF00040C2AD /* APIContentType.swift */ = {isa = PBXFileReference; fileEncoding = 4; lastKnownFileType = sourcecode.swift; path = APIContentType.swift; sourceTree = "<group>"; };
		51E684441D964C110040C2AD /* APIHttpMethod.swift */ = {isa = PBXFileReference; fileEncoding = 4; lastKnownFileType = sourcecode.swift; path = APIHttpMethod.swift; sourceTree = "<group>"; };
		51E684461D964D1F0040C2AD /* UploadFile.swift */ = {isa = PBXFileReference; fileEncoding = 4; lastKnownFileType = sourcecode.swift; path = UploadFile.swift; sourceTree = "<group>"; };
		51E684491D964D880040C2AD /* UserRegisterViewController.swift */ = {isa = PBXFileReference; fileEncoding = 4; lastKnownFileType = sourcecode.swift; path = UserRegisterViewController.swift; sourceTree = "<group>"; };
		51E6844C1D96505D0040C2AD /* FBSDKCoreKit.framework */ = {isa = PBXFileReference; lastKnownFileType = wrapper.framework; path = FBSDKCoreKit.framework; sourceTree = "<group>"; };
		51E6844E1D9650690040C2AD /* FBSDKLoginKit.framework */ = {isa = PBXFileReference; lastKnownFileType = wrapper.framework; path = FBSDKLoginKit.framework; sourceTree = "<group>"; };
		51E684501D9654300040C2AD /* LoginViewController.swift */ = {isa = PBXFileReference; fileEncoding = 4; lastKnownFileType = sourcecode.swift; path = LoginViewController.swift; sourceTree = "<group>"; };
		51E684531D96556F0040C2AD /* AlertUtil.swift */ = {isa = PBXFileReference; fileEncoding = 4; lastKnownFileType = sourcecode.swift; path = AlertUtil.swift; sourceTree = "<group>"; };
		51E684561D9657900040C2AD /* ViewShowAnimation.swift */ = {isa = PBXFileReference; fileEncoding = 4; lastKnownFileType = sourcecode.swift; path = ViewShowAnimation.swift; sourceTree = "<group>"; };
		51F90C551D96826A00CBFB88 /* UserApi.swift */ = {isa = PBXFileReference; fileEncoding = 4; lastKnownFileType = sourcecode.swift; path = UserApi.swift; sourceTree = "<group>"; };
		51F90C571D96845F00CBFB88 /* IndicatorUtil.swift */ = {isa = PBXFileReference; fileEncoding = 4; lastKnownFileType = sourcecode.swift; path = IndicatorUtil.swift; sourceTree = "<group>"; };
		51F90C591D96853800CBFB88 /* AccountInfo.swift */ = {isa = PBXFileReference; fileEncoding = 4; lastKnownFileType = sourcecode.swift; path = AccountInfo.swift; sourceTree = "<group>"; };
		51F90C5B1D96B1D200CBFB88 /* MergerApi.swift */ = {isa = PBXFileReference; fileEncoding = 4; lastKnownFileType = sourcecode.swift; path = MergerApi.swift; sourceTree = "<group>"; };
		51F90C5D1D96ED1C00CBFB88 /* CallViewController.swift */ = {isa = PBXFileReference; fileEncoding = 4; lastKnownFileType = sourcecode.swift; path = CallViewController.swift; sourceTree = "<group>"; };
		51F90C5F1D96EECC00CBFB88 /* ConversationViewController.swift */ = {isa = PBXFileReference; fileEncoding = 4; lastKnownFileType = sourcecode.swift; path = ConversationViewController.swift; sourceTree = "<group>"; };
		51F90C611D96F0CC00CBFB88 /* EvaluateViewController.swift */ = {isa = PBXFileReference; fileEncoding = 4; lastKnownFileType = sourcecode.swift; path = EvaluateViewController.swift; sourceTree = "<group>"; };
		51F90C631D97134E00CBFB88 /* EncounterViewController.swift */ = {isa = PBXFileReference; fileEncoding = 4; lastKnownFileType = sourcecode.swift; path = EncounterViewController.swift; sourceTree = "<group>"; };
		51F90C651D971F7100CBFB88 /* WaitingViewController.swift */ = {isa = PBXFileReference; fileEncoding = 4; lastKnownFileType = sourcecode.swift; path = WaitingViewController.swift; sourceTree = "<group>"; };
		51F90C671D971FF400CBFB88 /* WaitingMapController.swift */ = {isa = PBXFileReference; fileEncoding = 4; lastKnownFileType = sourcecode.swift; path = WaitingMapController.swift; sourceTree = "<group>"; };
		51F90C691D97360400CBFB88 /* TeacherWaitingViewController.swift */ = {isa = PBXFileReference; fileEncoding = 4; lastKnownFileType = sourcecode.swift; path = TeacherWaitingViewController.swift; sourceTree = "<group>"; };
		91BD3AB9252D092CA32800FC /* Pods-SuperNOVA-appUITests.release.xcconfig */ = {isa = PBXFileReference; includeInIndex = 1; lastKnownFileType = text.xcconfig; name = "Pods-SuperNOVA-appUITests.release.xcconfig"; path = "Pods/Target Support Files/Pods-SuperNOVA-appUITests/Pods-SuperNOVA-appUITests.release.xcconfig"; sourceTree = "<group>"; };
		9E9385A34463BBE40E04C120 /* Pods-SuperNOVA-appTests.release.xcconfig */ = {isa = PBXFileReference; includeInIndex = 1; lastKnownFileType = text.xcconfig; name = "Pods-SuperNOVA-appTests.release.xcconfig"; path = "Pods/Target Support Files/Pods-SuperNOVA-appTests/Pods-SuperNOVA-appTests.release.xcconfig"; sourceTree = "<group>"; };
		C0909CEE1D96384E00E3093A /* SuperNOVA-app.app */ = {isa = PBXFileReference; explicitFileType = wrapper.application; includeInIndex = 0; path = "SuperNOVA-app.app"; sourceTree = BUILT_PRODUCTS_DIR; };
		C0909CF11D96384E00E3093A /* AppDelegate.swift */ = {isa = PBXFileReference; lastKnownFileType = sourcecode.swift; path = AppDelegate.swift; sourceTree = "<group>"; };
		C0909CF31D96384E00E3093A /* ViewController.swift */ = {isa = PBXFileReference; lastKnownFileType = sourcecode.swift; path = ViewController.swift; sourceTree = "<group>"; };
		C0909CF61D96384E00E3093A /* Base */ = {isa = PBXFileReference; lastKnownFileType = file.storyboard; name = Base; path = Base.lproj/Main.storyboard; sourceTree = "<group>"; };
		C0909CF81D96384E00E3093A /* Assets.xcassets */ = {isa = PBXFileReference; lastKnownFileType = folder.assetcatalog; path = Assets.xcassets; sourceTree = "<group>"; };
		C0909CFB1D96384E00E3093A /* Base */ = {isa = PBXFileReference; lastKnownFileType = file.storyboard; name = Base; path = Base.lproj/LaunchScreen.storyboard; sourceTree = "<group>"; };
		C0909CFD1D96384E00E3093A /* Info.plist */ = {isa = PBXFileReference; lastKnownFileType = text.plist.xml; path = Info.plist; sourceTree = "<group>"; };
		C0909D021D96384E00E3093A /* SuperNOVA-appTests.xctest */ = {isa = PBXFileReference; explicitFileType = wrapper.cfbundle; includeInIndex = 0; path = "SuperNOVA-appTests.xctest"; sourceTree = BUILT_PRODUCTS_DIR; };
		C0909D061D96384E00E3093A /* SuperNOVA_appTests.swift */ = {isa = PBXFileReference; lastKnownFileType = sourcecode.swift; path = SuperNOVA_appTests.swift; sourceTree = "<group>"; };
		C0909D081D96384E00E3093A /* Info.plist */ = {isa = PBXFileReference; lastKnownFileType = text.plist.xml; path = Info.plist; sourceTree = "<group>"; };
		C0909D0D1D96384E00E3093A /* SuperNOVA-appUITests.xctest */ = {isa = PBXFileReference; explicitFileType = wrapper.cfbundle; includeInIndex = 0; path = "SuperNOVA-appUITests.xctest"; sourceTree = BUILT_PRODUCTS_DIR; };
		C0909D111D96384E00E3093A /* SuperNOVA_appUITests.swift */ = {isa = PBXFileReference; lastKnownFileType = sourcecode.swift; path = SuperNOVA_appUITests.swift; sourceTree = "<group>"; };
		C0909D131D96384E00E3093A /* Info.plist */ = {isa = PBXFileReference; lastKnownFileType = text.plist.xml; path = Info.plist; sourceTree = "<group>"; };
		C0909D1F1D964DC100E3093A /* MapViewController.swift */ = {isa = PBXFileReference; fileEncoding = 4; lastKnownFileType = sourcecode.swift; path = MapViewController.swift; sourceTree = "<group>"; };
		D8744C0A08A19BFA241DE443 /* Pods-SuperNOVA-appUITests.debug.xcconfig */ = {isa = PBXFileReference; includeInIndex = 1; lastKnownFileType = text.xcconfig; name = "Pods-SuperNOVA-appUITests.debug.xcconfig"; path = "Pods/Target Support Files/Pods-SuperNOVA-appUITests/Pods-SuperNOVA-appUITests.debug.xcconfig"; sourceTree = "<group>"; };
		D927C576FA07B75C460D67D2 /* Pods_SuperNOVA_appTests.framework */ = {isa = PBXFileReference; explicitFileType = wrapper.framework; includeInIndex = 0; path = Pods_SuperNOVA_appTests.framework; sourceTree = BUILT_PRODUCTS_DIR; };
		DD7CEFC2025109CCAAD027C3 /* Pods-SuperNOVA-app.release.xcconfig */ = {isa = PBXFileReference; includeInIndex = 1; lastKnownFileType = text.xcconfig; name = "Pods-SuperNOVA-app.release.xcconfig"; path = "Pods/Target Support Files/Pods-SuperNOVA-app/Pods-SuperNOVA-app.release.xcconfig"; sourceTree = "<group>"; };
		E1E6707B03E65E887822F89A /* Pods-SuperNOVA-appTests.debug.xcconfig */ = {isa = PBXFileReference; includeInIndex = 1; lastKnownFileType = text.xcconfig; name = "Pods-SuperNOVA-appTests.debug.xcconfig"; path = "Pods/Target Support Files/Pods-SuperNOVA-appTests/Pods-SuperNOVA-appTests.debug.xcconfig"; sourceTree = "<group>"; };
/* End PBXFileReference section */

/* Begin PBXFrameworksBuildPhase section */
		C0909CEB1D96384E00E3093A /* Frameworks */ = {
			isa = PBXFrameworksBuildPhase;
			buildActionMask = 2147483647;
			files = (
				82B24E17E57ADDB44E41E9D8 /* Pods_SuperNOVA_app.framework in Frameworks */,
				51E6844F1D9650690040C2AD /* FBSDKLoginKit.framework in Frameworks */,
				51E6844D1D96505D0040C2AD /* FBSDKCoreKit.framework in Frameworks */,
			);
			runOnlyForDeploymentPostprocessing = 0;
		};
		C0909CFF1D96384E00E3093A /* Frameworks */ = {
			isa = PBXFrameworksBuildPhase;
			buildActionMask = 2147483647;
			files = (
				09AA4650772C39CFA2492420 /* Pods_SuperNOVA_appTests.framework in Frameworks */,
			);
			runOnlyForDeploymentPostprocessing = 0;
		};
		C0909D0A1D96384E00E3093A /* Frameworks */ = {
			isa = PBXFrameworksBuildPhase;
			buildActionMask = 2147483647;
			files = (
				D34587B2BE0E0EFC4CFF46DD /* Pods_SuperNOVA_appUITests.framework in Frameworks */,
			);
			runOnlyForDeploymentPostprocessing = 0;
		};
/* End PBXFrameworksBuildPhase section */

/* Begin PBXGroup section */
		51E6843F1D964B650040C2AD /* APIs */ = {
			isa = PBXGroup;
			children = (
				C0909CF31D96384E00E3093A /* ViewController.swift */,
				51E684401D964BBC0040C2AD /* API.swift */,
				51E684421D964BF00040C2AD /* APIContentType.swift */,
				51E684441D964C110040C2AD /* APIHttpMethod.swift */,
				51E684461D964D1F0040C2AD /* UploadFile.swift */,
				51F90C551D96826A00CBFB88 /* UserApi.swift */,
				51F90C5B1D96B1D200CBFB88 /* MergerApi.swift */,
			);
			name = APIs;
			sourceTree = "<group>";
		};
		51E684481D964D460040C2AD /* ViewControllers */ = {
			isa = PBXGroup;
			children = (
				51E684491D964D880040C2AD /* UserRegisterViewController.swift */,
				51E684501D9654300040C2AD /* LoginViewController.swift */,
				51F90C5D1D96ED1C00CBFB88 /* CallViewController.swift */,
				51F90C5F1D96EECC00CBFB88 /* ConversationViewController.swift */,
				51F90C611D96F0CC00CBFB88 /* EvaluateViewController.swift */,
				51F90C631D97134E00CBFB88 /* EncounterViewController.swift */,
				51F90C671D971FF400CBFB88 /* WaitingMapController.swift */,
				51F90C691D97360400CBFB88 /* TeacherWaitingViewController.swift */,
				C0909D1F1D964DC100E3093A /* MapViewController.swift */,
			);
			name = ViewControllers;
			sourceTree = "<group>";
		};
		51E6844B1D964F8D0040C2AD /* Frameworks */ = {
			isa = PBXGroup;
			children = (
				51E6844E1D9650690040C2AD /* FBSDKLoginKit.framework */,
				51E6844C1D96505D0040C2AD /* FBSDKCoreKit.framework */,
			);
			name = Frameworks;
			sourceTree = "<group>";
		};
		51E684521D9655460040C2AD /* Utils */ = {
			isa = PBXGroup;
			children = (
				51E684531D96556F0040C2AD /* AlertUtil.swift */,
				51F90C571D96845F00CBFB88 /* IndicatorUtil.swift */,
				51F90C591D96853800CBFB88 /* AccountInfo.swift */,
			);
			name = Utils;
			sourceTree = "<group>";
		};
		51E684551D9657710040C2AD /* Animation */ = {
			isa = PBXGroup;
			children = (
				51E684561D9657900040C2AD /* ViewShowAnimation.swift */,
			);
			name = Animation;
			sourceTree = "<group>";
		};
		C0909CE51D96384E00E3093A = {
			isa = PBXGroup;
			children = (
				C0909CF01D96384E00E3093A /* SuperNOVA-app */,
				C0909D051D96384E00E3093A /* SuperNOVA-appTests */,
				C0909D101D96384E00E3093A /* SuperNOVA-appUITests */,
				C0909CEF1D96384E00E3093A /* Products */,
				C2514CAD59023413F3470021 /* Pods */,
				E0F692EC9CEC77E58B981241 /* Frameworks */,
			);
			sourceTree = "<group>";
		};
		C0909CEF1D96384E00E3093A /* Products */ = {
			isa = PBXGroup;
			children = (
				C0909CEE1D96384E00E3093A /* SuperNOVA-app.app */,
				C0909D021D96384E00E3093A /* SuperNOVA-appTests.xctest */,
				C0909D0D1D96384E00E3093A /* SuperNOVA-appUITests.xctest */,
			);
			name = Products;
			sourceTree = "<group>";
		};
		C0909CF01D96384E00E3093A /* SuperNOVA-app */ = {
			isa = PBXGroup;
			children = (
				51E684551D9657710040C2AD /* Animation */,
				51E684521D9655460040C2AD /* Utils */,
				51E6844B1D964F8D0040C2AD /* Frameworks */,
				51E684481D964D460040C2AD /* ViewControllers */,
				51E6843F1D964B650040C2AD /* APIs */,
				C0909CF11D96384E00E3093A /* AppDelegate.swift */,
				C0909CF51D96384E00E3093A /* Main.storyboard */,
				C0909CF81D96384E00E3093A /* Assets.xcassets */,
				C0909CFA1D96384E00E3093A /* LaunchScreen.storyboard */,
				C0909CFD1D96384E00E3093A /* Info.plist */,
				51F90C651D971F7100CBFB88 /* WaitingViewController.swift */,
			);
			path = "SuperNOVA-app";
			sourceTree = "<group>";
		};
		C0909D051D96384E00E3093A /* SuperNOVA-appTests */ = {
			isa = PBXGroup;
			children = (
				C0909D061D96384E00E3093A /* SuperNOVA_appTests.swift */,
				C0909D081D96384E00E3093A /* Info.plist */,
			);
			path = "SuperNOVA-appTests";
			sourceTree = "<group>";
		};
		C0909D101D96384E00E3093A /* SuperNOVA-appUITests */ = {
			isa = PBXGroup;
			children = (
				C0909D111D96384E00E3093A /* SuperNOVA_appUITests.swift */,
				C0909D131D96384E00E3093A /* Info.plist */,
			);
			path = "SuperNOVA-appUITests";
			sourceTree = "<group>";
		};
		C2514CAD59023413F3470021 /* Pods */ = {
			isa = PBXGroup;
			children = (
				2B91B2231A7128635D6BE9BC /* Pods-SuperNOVA-app.debug.xcconfig */,
				DD7CEFC2025109CCAAD027C3 /* Pods-SuperNOVA-app.release.xcconfig */,
				E1E6707B03E65E887822F89A /* Pods-SuperNOVA-appTests.debug.xcconfig */,
				9E9385A34463BBE40E04C120 /* Pods-SuperNOVA-appTests.release.xcconfig */,
				D8744C0A08A19BFA241DE443 /* Pods-SuperNOVA-appUITests.debug.xcconfig */,
				91BD3AB9252D092CA32800FC /* Pods-SuperNOVA-appUITests.release.xcconfig */,
			);
			name = Pods;
			sourceTree = "<group>";
		};
		E0F692EC9CEC77E58B981241 /* Frameworks */ = {
			isa = PBXGroup;
			children = (
				010B41CDE26002C5956D611A /* Pods_SuperNOVA_app.framework */,
				D927C576FA07B75C460D67D2 /* Pods_SuperNOVA_appTests.framework */,
				0AEE594A125CDF39B9E88EA9 /* Pods_SuperNOVA_appUITests.framework */,
			);
			name = Frameworks;
			sourceTree = "<group>";
		};
/* End PBXGroup section */

/* Begin PBXNativeTarget section */
		C0909CED1D96384E00E3093A /* SuperNOVA-app */ = {
			isa = PBXNativeTarget;
			buildConfigurationList = C0909D161D96384E00E3093A /* Build configuration list for PBXNativeTarget "SuperNOVA-app" */;
			buildPhases = (
				CF06437DFF7BC063741155A6 /* [CP] Check Pods Manifest.lock */,
				C0909CEA1D96384E00E3093A /* Sources */,
				C0909CEB1D96384E00E3093A /* Frameworks */,
				C0909CEC1D96384E00E3093A /* Resources */,
				44563E52B7B51C62754BE77E /* [CP] Embed Pods Frameworks */,
				44A2FEEFD8A1AC1DC21BBABA /* [CP] Copy Pods Resources */,
			);
			buildRules = (
			);
			dependencies = (
			);
			name = "SuperNOVA-app";
			productName = "SuperNOVA-app";
			productReference = C0909CEE1D96384E00E3093A /* SuperNOVA-app.app */;
			productType = "com.apple.product-type.application";
		};
		C0909D011D96384E00E3093A /* SuperNOVA-appTests */ = {
			isa = PBXNativeTarget;
			buildConfigurationList = C0909D191D96384E00E3093A /* Build configuration list for PBXNativeTarget "SuperNOVA-appTests" */;
			buildPhases = (
				A99BFB798EA0D8999B6B03A1 /* [CP] Check Pods Manifest.lock */,
				C0909CFE1D96384E00E3093A /* Sources */,
				C0909CFF1D96384E00E3093A /* Frameworks */,
				C0909D001D96384E00E3093A /* Resources */,
				76546F435350F4F340F9FF27 /* [CP] Embed Pods Frameworks */,
				CF4C1624526A65F79ECCCE13 /* [CP] Copy Pods Resources */,
			);
			buildRules = (
			);
			dependencies = (
				C0909D041D96384E00E3093A /* PBXTargetDependency */,
			);
			name = "SuperNOVA-appTests";
			productName = "SuperNOVA-appTests";
			productReference = C0909D021D96384E00E3093A /* SuperNOVA-appTests.xctest */;
			productType = "com.apple.product-type.bundle.unit-test";
		};
		C0909D0C1D96384E00E3093A /* SuperNOVA-appUITests */ = {
			isa = PBXNativeTarget;
			buildConfigurationList = C0909D1C1D96384E00E3093A /* Build configuration list for PBXNativeTarget "SuperNOVA-appUITests" */;
			buildPhases = (
				0906773D501825572FA0F09E /* [CP] Check Pods Manifest.lock */,
				C0909D091D96384E00E3093A /* Sources */,
				C0909D0A1D96384E00E3093A /* Frameworks */,
				C0909D0B1D96384E00E3093A /* Resources */,
				E2372608099E659182293F07 /* [CP] Copy Pods Resources */,
			);
			buildRules = (
			);
			dependencies = (
				C0909D0F1D96384E00E3093A /* PBXTargetDependency */,
			);
			name = "SuperNOVA-appUITests";
			productName = "SuperNOVA-appUITests";
			productReference = C0909D0D1D96384E00E3093A /* SuperNOVA-appUITests.xctest */;
			productType = "com.apple.product-type.bundle.ui-testing";
		};
/* End PBXNativeTarget section */

/* Begin PBXProject section */
		C0909CE61D96384E00E3093A /* Project object */ = {
			isa = PBXProject;
			attributes = {
				LastSwiftUpdateCheck = 0730;
				LastUpgradeCheck = 0730;
				ORGANIZATIONNAME = SuperNOVA;
				TargetAttributes = {
					C0909CED1D96384E00E3093A = {
						CreatedOnToolsVersion = 7.3.1;
						DevelopmentTeam = R259FA7KPA;
						SystemCapabilities = {
							com.apple.BackgroundModes = {
								enabled = 1;
							};
							com.apple.Maps.iOS = {
								enabled = 0;
							};
						};
					};
					C0909D011D96384E00E3093A = {
						CreatedOnToolsVersion = 7.3.1;
						TestTargetID = C0909CED1D96384E00E3093A;
					};
					C0909D0C1D96384E00E3093A = {
						CreatedOnToolsVersion = 7.3.1;
						TestTargetID = C0909CED1D96384E00E3093A;
					};
				};
			};
			buildConfigurationList = C0909CE91D96384E00E3093A /* Build configuration list for PBXProject "SuperNOVA-app" */;
			compatibilityVersion = "Xcode 3.2";
			developmentRegion = English;
			hasScannedForEncodings = 0;
			knownRegions = (
				en,
				Base,
			);
			mainGroup = C0909CE51D96384E00E3093A;
			productRefGroup = C0909CEF1D96384E00E3093A /* Products */;
			projectDirPath = "";
			projectRoot = "";
			targets = (
				C0909CED1D96384E00E3093A /* SuperNOVA-app */,
				C0909D011D96384E00E3093A /* SuperNOVA-appTests */,
				C0909D0C1D96384E00E3093A /* SuperNOVA-appUITests */,
			);
		};
/* End PBXProject section */

/* Begin PBXResourcesBuildPhase section */
		C0909CEC1D96384E00E3093A /* Resources */ = {
			isa = PBXResourcesBuildPhase;
			buildActionMask = 2147483647;
			files = (
				C0909CFC1D96384E00E3093A /* LaunchScreen.storyboard in Resources */,
				C0909CF91D96384E00E3093A /* Assets.xcassets in Resources */,
				C0909CF71D96384E00E3093A /* Main.storyboard in Resources */,
			);
			runOnlyForDeploymentPostprocessing = 0;
		};
		C0909D001D96384E00E3093A /* Resources */ = {
			isa = PBXResourcesBuildPhase;
			buildActionMask = 2147483647;
			files = (
			);
			runOnlyForDeploymentPostprocessing = 0;
		};
		C0909D0B1D96384E00E3093A /* Resources */ = {
			isa = PBXResourcesBuildPhase;
			buildActionMask = 2147483647;
			files = (
			);
			runOnlyForDeploymentPostprocessing = 0;
		};
/* End PBXResourcesBuildPhase section */

/* Begin PBXShellScriptBuildPhase section */
		0906773D501825572FA0F09E /* [CP] Check Pods Manifest.lock */ = {
			isa = PBXShellScriptBuildPhase;
			buildActionMask = 2147483647;
			files = (
			);
			inputPaths = (
			);
			name = "[CP] Check Pods Manifest.lock";
			outputPaths = (
			);
			runOnlyForDeploymentPostprocessing = 0;
			shellPath = /bin/sh;
			shellScript = "diff \"${PODS_ROOT}/../Podfile.lock\" \"${PODS_ROOT}/Manifest.lock\" > /dev/null\nif [[ $? != 0 ]] ; then\n    cat << EOM\nerror: The sandbox is not in sync with the Podfile.lock. Run 'pod install' or update your CocoaPods installation.\nEOM\n    exit 1\nfi\n";
			showEnvVarsInLog = 0;
		};
		44563E52B7B51C62754BE77E /* [CP] Embed Pods Frameworks */ = {
			isa = PBXShellScriptBuildPhase;
			buildActionMask = 2147483647;
			files = (
			);
			inputPaths = (
			);
			name = "[CP] Embed Pods Frameworks";
			outputPaths = (
			);
			runOnlyForDeploymentPostprocessing = 0;
			shellPath = /bin/sh;
			shellScript = "\"${SRCROOT}/Pods/Target Support Files/Pods-SuperNOVA-app/Pods-SuperNOVA-app-frameworks.sh\"\n";
			showEnvVarsInLog = 0;
		};
		44A2FEEFD8A1AC1DC21BBABA /* [CP] Copy Pods Resources */ = {
			isa = PBXShellScriptBuildPhase;
			buildActionMask = 2147483647;
			files = (
			);
			inputPaths = (
			);
			name = "[CP] Copy Pods Resources";
			outputPaths = (
			);
			runOnlyForDeploymentPostprocessing = 0;
			shellPath = /bin/sh;
			shellScript = "\"${SRCROOT}/Pods/Target Support Files/Pods-SuperNOVA-app/Pods-SuperNOVA-app-resources.sh\"\n";
			showEnvVarsInLog = 0;
		};
		76546F435350F4F340F9FF27 /* [CP] Embed Pods Frameworks */ = {
			isa = PBXShellScriptBuildPhase;
			buildActionMask = 2147483647;
			files = (
			);
			inputPaths = (
			);
			name = "[CP] Embed Pods Frameworks";
			outputPaths = (
			);
			runOnlyForDeploymentPostprocessing = 0;
			shellPath = /bin/sh;
			shellScript = "\"${SRCROOT}/Pods/Target Support Files/Pods-SuperNOVA-appTests/Pods-SuperNOVA-appTests-frameworks.sh\"\n";
			showEnvVarsInLog = 0;
		};
		A99BFB798EA0D8999B6B03A1 /* [CP] Check Pods Manifest.lock */ = {
			isa = PBXShellScriptBuildPhase;
			buildActionMask = 2147483647;
			files = (
			);
			inputPaths = (
			);
			name = "[CP] Check Pods Manifest.lock";
			outputPaths = (
			);
			runOnlyForDeploymentPostprocessing = 0;
			shellPath = /bin/sh;
			shellScript = "diff \"${PODS_ROOT}/../Podfile.lock\" \"${PODS_ROOT}/Manifest.lock\" > /dev/null\nif [[ $? != 0 ]] ; then\n    cat << EOM\nerror: The sandbox is not in sync with the Podfile.lock. Run 'pod install' or update your CocoaPods installation.\nEOM\n    exit 1\nfi\n";
			showEnvVarsInLog = 0;
		};
		CF06437DFF7BC063741155A6 /* [CP] Check Pods Manifest.lock */ = {
			isa = PBXShellScriptBuildPhase;
			buildActionMask = 2147483647;
			files = (
			);
			inputPaths = (
			);
			name = "[CP] Check Pods Manifest.lock";
			outputPaths = (
			);
			runOnlyForDeploymentPostprocessing = 0;
			shellPath = /bin/sh;
			shellScript = "diff \"${PODS_ROOT}/../Podfile.lock\" \"${PODS_ROOT}/Manifest.lock\" > /dev/null\nif [[ $? != 0 ]] ; then\n    cat << EOM\nerror: The sandbox is not in sync with the Podfile.lock. Run 'pod install' or update your CocoaPods installation.\nEOM\n    exit 1\nfi\n";
			showEnvVarsInLog = 0;
		};
		CF4C1624526A65F79ECCCE13 /* [CP] Copy Pods Resources */ = {
			isa = PBXShellScriptBuildPhase;
			buildActionMask = 2147483647;
			files = (
			);
			inputPaths = (
			);
			name = "[CP] Copy Pods Resources";
			outputPaths = (
			);
			runOnlyForDeploymentPostprocessing = 0;
			shellPath = /bin/sh;
			shellScript = "\"${SRCROOT}/Pods/Target Support Files/Pods-SuperNOVA-appTests/Pods-SuperNOVA-appTests-resources.sh\"\n";
			showEnvVarsInLog = 0;
		};
		E2372608099E659182293F07 /* [CP] Copy Pods Resources */ = {
			isa = PBXShellScriptBuildPhase;
			buildActionMask = 2147483647;
			files = (
			);
			inputPaths = (
			);
			name = "[CP] Copy Pods Resources";
			outputPaths = (
			);
			runOnlyForDeploymentPostprocessing = 0;
			shellPath = /bin/sh;
			shellScript = "\"${SRCROOT}/Pods/Target Support Files/Pods-SuperNOVA-appUITests/Pods-SuperNOVA-appUITests-resources.sh\"\n";
			showEnvVarsInLog = 0;
		};
/* End PBXShellScriptBuildPhase section */

/* Begin PBXSourcesBuildPhase section */
		C0909CEA1D96384E00E3093A /* Sources */ = {
			isa = PBXSourcesBuildPhase;
			buildActionMask = 2147483647;
			files = (
				51F90C661D971F7100CBFB88 /* WaitingViewController.swift in Sources */,
				51E684471D964D1F0040C2AD /* UploadFile.swift in Sources */,
				51F90C641D97134E00CBFB88 /* EncounterViewController.swift in Sources */,
				51F90C6A1D97360400CBFB88 /* TeacherWaitingViewController.swift in Sources */,
				51F90C681D971FF400CBFB88 /* WaitingMapController.swift in Sources */,
				51F90C5A1D96853800CBFB88 /* AccountInfo.swift in Sources */,
				51F90C581D96845F00CBFB88 /* IndicatorUtil.swift in Sources */,
				C0909CF41D96384E00E3093A /* ViewController.swift in Sources */,
				51E684411D964BBC0040C2AD /* API.swift in Sources */,
				51E6844A1D964D880040C2AD /* UserRegisterViewController.swift in Sources */,
				51F90C621D96F0CC00CBFB88 /* EvaluateViewController.swift in Sources */,
				51E684511D9654300040C2AD /* LoginViewController.swift in Sources */,
				51E684431D964BF00040C2AD /* APIContentType.swift in Sources */,
				51E684451D964C110040C2AD /* APIHttpMethod.swift in Sources */,
				51F90C601D96EECC00CBFB88 /* ConversationViewController.swift in Sources */,
				51E684541D96556F0040C2AD /* AlertUtil.swift in Sources */,
				51E684571D9657900040C2AD /* ViewShowAnimation.swift in Sources */,
				51F90C5C1D96B1D200CBFB88 /* MergerApi.swift in Sources */,
				C0909CF21D96384E00E3093A /* AppDelegate.swift in Sources */,
				C0D411101D9731A100986D18 /* MapViewController.swift in Sources */,
				51F90C5E1D96ED1C00CBFB88 /* CallViewController.swift in Sources */,
				51F90C561D96826A00CBFB88 /* UserApi.swift in Sources */,
			);
			runOnlyForDeploymentPostprocessing = 0;
		};
		C0909CFE1D96384E00E3093A /* Sources */ = {
			isa = PBXSourcesBuildPhase;
			buildActionMask = 2147483647;
			files = (
				C0909D071D96384E00E3093A /* SuperNOVA_appTests.swift in Sources */,
			);
			runOnlyForDeploymentPostprocessing = 0;
		};
		C0909D091D96384E00E3093A /* Sources */ = {
			isa = PBXSourcesBuildPhase;
			buildActionMask = 2147483647;
			files = (
				C0909D121D96384E00E3093A /* SuperNOVA_appUITests.swift in Sources */,
			);
			runOnlyForDeploymentPostprocessing = 0;
		};
/* End PBXSourcesBuildPhase section */

/* Begin PBXTargetDependency section */
		C0909D041D96384E00E3093A /* PBXTargetDependency */ = {
			isa = PBXTargetDependency;
			target = C0909CED1D96384E00E3093A /* SuperNOVA-app */;
			targetProxy = C0909D031D96384E00E3093A /* PBXContainerItemProxy */;
		};
		C0909D0F1D96384E00E3093A /* PBXTargetDependency */ = {
			isa = PBXTargetDependency;
			target = C0909CED1D96384E00E3093A /* SuperNOVA-app */;
			targetProxy = C0909D0E1D96384E00E3093A /* PBXContainerItemProxy */;
		};
/* End PBXTargetDependency section */

/* Begin PBXVariantGroup section */
		C0909CF51D96384E00E3093A /* Main.storyboard */ = {
			isa = PBXVariantGroup;
			children = (
				C0909CF61D96384E00E3093A /* Base */,
			);
			name = Main.storyboard;
			sourceTree = "<group>";
		};
		C0909CFA1D96384E00E3093A /* LaunchScreen.storyboard */ = {
			isa = PBXVariantGroup;
			children = (
				C0909CFB1D96384E00E3093A /* Base */,
			);
			name = LaunchScreen.storyboard;
			sourceTree = "<group>";
		};
/* End PBXVariantGroup section */

/* Begin XCBuildConfiguration section */
		C0909D141D96384E00E3093A /* Debug */ = {
			isa = XCBuildConfiguration;
			buildSettings = {
				ALWAYS_SEARCH_USER_PATHS = NO;
				CLANG_ANALYZER_NONNULL = YES;
				CLANG_CXX_LANGUAGE_STANDARD = "gnu++0x";
				CLANG_CXX_LIBRARY = "libc++";
				CLANG_ENABLE_MODULES = YES;
				CLANG_ENABLE_OBJC_ARC = YES;
				CLANG_WARN_BOOL_CONVERSION = YES;
				CLANG_WARN_CONSTANT_CONVERSION = YES;
				CLANG_WARN_DIRECT_OBJC_ISA_USAGE = YES_ERROR;
				CLANG_WARN_EMPTY_BODY = YES;
				CLANG_WARN_ENUM_CONVERSION = YES;
				CLANG_WARN_INT_CONVERSION = YES;
				CLANG_WARN_OBJC_ROOT_CLASS = YES_ERROR;
				CLANG_WARN_UNREACHABLE_CODE = YES;
				CLANG_WARN__DUPLICATE_METHOD_MATCH = YES;
				"CODE_SIGN_IDENTITY[sdk=iphoneos*]" = "iPhone Developer";
				COPY_PHASE_STRIP = NO;
				DEBUG_INFORMATION_FORMAT = dwarf;
				ENABLE_STRICT_OBJC_MSGSEND = YES;
				ENABLE_TESTABILITY = YES;
				GCC_C_LANGUAGE_STANDARD = gnu99;
				GCC_DYNAMIC_NO_PIC = NO;
				GCC_NO_COMMON_BLOCKS = YES;
				GCC_OPTIMIZATION_LEVEL = 0;
				GCC_PREPROCESSOR_DEFINITIONS = (
					"DEBUG=1",
					"$(inherited)",
				);
				GCC_WARN_64_TO_32_BIT_CONVERSION = YES;
				GCC_WARN_ABOUT_RETURN_TYPE = YES_ERROR;
				GCC_WARN_UNDECLARED_SELECTOR = YES;
				GCC_WARN_UNINITIALIZED_AUTOS = YES_AGGRESSIVE;
				GCC_WARN_UNUSED_FUNCTION = YES;
				GCC_WARN_UNUSED_VARIABLE = YES;
				IPHONEOS_DEPLOYMENT_TARGET = 9.3;
				MTL_ENABLE_DEBUG_INFO = YES;
				ONLY_ACTIVE_ARCH = YES;
				SDKROOT = iphoneos;
				SWIFT_OPTIMIZATION_LEVEL = "-Onone";
			};
			name = Debug;
		};
		C0909D151D96384E00E3093A /* Release */ = {
			isa = XCBuildConfiguration;
			buildSettings = {
				ALWAYS_SEARCH_USER_PATHS = NO;
				CLANG_ANALYZER_NONNULL = YES;
				CLANG_CXX_LANGUAGE_STANDARD = "gnu++0x";
				CLANG_CXX_LIBRARY = "libc++";
				CLANG_ENABLE_MODULES = YES;
				CLANG_ENABLE_OBJC_ARC = YES;
				CLANG_WARN_BOOL_CONVERSION = YES;
				CLANG_WARN_CONSTANT_CONVERSION = YES;
				CLANG_WARN_DIRECT_OBJC_ISA_USAGE = YES_ERROR;
				CLANG_WARN_EMPTY_BODY = YES;
				CLANG_WARN_ENUM_CONVERSION = YES;
				CLANG_WARN_INT_CONVERSION = YES;
				CLANG_WARN_OBJC_ROOT_CLASS = YES_ERROR;
				CLANG_WARN_UNREACHABLE_CODE = YES;
				CLANG_WARN__DUPLICATE_METHOD_MATCH = YES;
				"CODE_SIGN_IDENTITY[sdk=iphoneos*]" = "iPhone Developer";
				COPY_PHASE_STRIP = NO;
				DEBUG_INFORMATION_FORMAT = "dwarf-with-dsym";
				ENABLE_NS_ASSERTIONS = NO;
				ENABLE_STRICT_OBJC_MSGSEND = YES;
				GCC_C_LANGUAGE_STANDARD = gnu99;
				GCC_NO_COMMON_BLOCKS = YES;
				GCC_WARN_64_TO_32_BIT_CONVERSION = YES;
				GCC_WARN_ABOUT_RETURN_TYPE = YES_ERROR;
				GCC_WARN_UNDECLARED_SELECTOR = YES;
				GCC_WARN_UNINITIALIZED_AUTOS = YES_AGGRESSIVE;
				GCC_WARN_UNUSED_FUNCTION = YES;
				GCC_WARN_UNUSED_VARIABLE = YES;
				IPHONEOS_DEPLOYMENT_TARGET = 9.3;
				MTL_ENABLE_DEBUG_INFO = NO;
				SDKROOT = iphoneos;
				VALIDATE_PRODUCT = YES;
			};
			name = Release;
		};
		C0909D171D96384E00E3093A /* Debug */ = {
			isa = XCBuildConfiguration;
			baseConfigurationReference = 2B91B2231A7128635D6BE9BC /* Pods-SuperNOVA-app.debug.xcconfig */;
			buildSettings = {
				ASSETCATALOG_COMPILER_APPICON_NAME = AppIcon;
				CODE_SIGN_IDENTITY = "iPhone Developer";
				"CODE_SIGN_IDENTITY[sdk=iphoneos*]" = "iPhone Developer";
				FRAMEWORK_SEARCH_PATHS = (
					"$(inherited)",
					"$(PROJECT_DIR)/SuperNOVA-app",
				);
				INFOPLIST_FILE = "SuperNOVA-app/Info.plist";
				LD_RUNPATH_SEARCH_PATHS = "$(inherited) @executable_path/Frameworks";
				PRODUCT_BUNDLE_IDENTIFIER = "supernova.SuperNOVA-app";
				PRODUCT_NAME = "$(TARGET_NAME)";
				PROVISIONING_PROFILE = "";
			};
			name = Debug;
		};
		C0909D181D96384E00E3093A /* Release */ = {
			isa = XCBuildConfiguration;
			baseConfigurationReference = DD7CEFC2025109CCAAD027C3 /* Pods-SuperNOVA-app.release.xcconfig */;
			buildSettings = {
				ASSETCATALOG_COMPILER_APPICON_NAME = AppIcon;
				CODE_SIGN_IDENTITY = "iPhone Developer";
				"CODE_SIGN_IDENTITY[sdk=iphoneos*]" = "iPhone Developer";
				FRAMEWORK_SEARCH_PATHS = (
					"$(inherited)",
					"$(PROJECT_DIR)/SuperNOVA-app",
				);
				INFOPLIST_FILE = "SuperNOVA-app/Info.plist";
				LD_RUNPATH_SEARCH_PATHS = "$(inherited) @executable_path/Frameworks";
				PRODUCT_BUNDLE_IDENTIFIER = "supernova.SuperNOVA-app";
				PRODUCT_NAME = "$(TARGET_NAME)";
				PROVISIONING_PROFILE = "";
			};
			name = Release;
		};
		C0909D1A1D96384E00E3093A /* Debug */ = {
			isa = XCBuildConfiguration;
			baseConfigurationReference = E1E6707B03E65E887822F89A /* Pods-SuperNOVA-appTests.debug.xcconfig */;
			buildSettings = {
				BUNDLE_LOADER = "$(TEST_HOST)";
				INFOPLIST_FILE = "SuperNOVA-appTests/Info.plist";
				LD_RUNPATH_SEARCH_PATHS = "$(inherited) @executable_path/Frameworks @loader_path/Frameworks";
				PRODUCT_BUNDLE_IDENTIFIER = "supernova.SuperNOVA-appTests";
				PRODUCT_NAME = "$(TARGET_NAME)";
				TEST_HOST = "$(BUILT_PRODUCTS_DIR)/SuperNOVA-app.app/SuperNOVA-app";
			};
			name = Debug;
		};
		C0909D1B1D96384E00E3093A /* Release */ = {
			isa = XCBuildConfiguration;
			baseConfigurationReference = 9E9385A34463BBE40E04C120 /* Pods-SuperNOVA-appTests.release.xcconfig */;
			buildSettings = {
				BUNDLE_LOADER = "$(TEST_HOST)";
				INFOPLIST_FILE = "SuperNOVA-appTests/Info.plist";
				LD_RUNPATH_SEARCH_PATHS = "$(inherited) @executable_path/Frameworks @loader_path/Frameworks";
				PRODUCT_BUNDLE_IDENTIFIER = "supernova.SuperNOVA-appTests";
				PRODUCT_NAME = "$(TARGET_NAME)";
				TEST_HOST = "$(BUILT_PRODUCTS_DIR)/SuperNOVA-app.app/SuperNOVA-app";
			};
			name = Release;
		};
		C0909D1D1D96384E00E3093A /* Debug */ = {
			isa = XCBuildConfiguration;
			baseConfigurationReference = D8744C0A08A19BFA241DE443 /* Pods-SuperNOVA-appUITests.debug.xcconfig */;
			buildSettings = {
				INFOPLIST_FILE = "SuperNOVA-appUITests/Info.plist";
				LD_RUNPATH_SEARCH_PATHS = "$(inherited) @executable_path/Frameworks @loader_path/Frameworks";
				PRODUCT_BUNDLE_IDENTIFIER = "supernova.SuperNOVA-appUITests";
				PRODUCT_NAME = "$(TARGET_NAME)";
				TEST_TARGET_NAME = "SuperNOVA-app";
			};
			name = Debug;
		};
		C0909D1E1D96384E00E3093A /* Release */ = {
			isa = XCBuildConfiguration;
			baseConfigurationReference = 91BD3AB9252D092CA32800FC /* Pods-SuperNOVA-appUITests.release.xcconfig */;
			buildSettings = {
				INFOPLIST_FILE = "SuperNOVA-appUITests/Info.plist";
				LD_RUNPATH_SEARCH_PATHS = "$(inherited) @executable_path/Frameworks @loader_path/Frameworks";
				PRODUCT_BUNDLE_IDENTIFIER = "supernova.SuperNOVA-appUITests";
				PRODUCT_NAME = "$(TARGET_NAME)";
				TEST_TARGET_NAME = "SuperNOVA-app";
			};
			name = Release;
		};
/* End XCBuildConfiguration section */

/* Begin XCConfigurationList section */
		C0909CE91D96384E00E3093A /* Build configuration list for PBXProject "SuperNOVA-app" */ = {
			isa = XCConfigurationList;
			buildConfigurations = (
				C0909D141D96384E00E3093A /* Debug */,
				C0909D151D96384E00E3093A /* Release */,
			);
			defaultConfigurationIsVisible = 0;
			defaultConfigurationName = Release;
		};
		C0909D161D96384E00E3093A /* Build configuration list for PBXNativeTarget "SuperNOVA-app" */ = {
			isa = XCConfigurationList;
			buildConfigurations = (
				C0909D171D96384E00E3093A /* Debug */,
				C0909D181D96384E00E3093A /* Release */,
			);
			defaultConfigurationIsVisible = 0;
			defaultConfigurationName = Release;
		};
		C0909D191D96384E00E3093A /* Build configuration list for PBXNativeTarget "SuperNOVA-appTests" */ = {
			isa = XCConfigurationList;
			buildConfigurations = (
				C0909D1A1D96384E00E3093A /* Debug */,
				C0909D1B1D96384E00E3093A /* Release */,
			);
			defaultConfigurationIsVisible = 0;
			defaultConfigurationName = Release;
		};
		C0909D1C1D96384E00E3093A /* Build configuration list for PBXNativeTarget "SuperNOVA-appUITests" */ = {
			isa = XCConfigurationList;
			buildConfigurations = (
				C0909D1D1D96384E00E3093A /* Debug */,
				C0909D1E1D96384E00E3093A /* Release */,
			);
			defaultConfigurationIsVisible = 0;
			defaultConfigurationName = Release;
		};
/* End XCConfigurationList section */
	};
	rootObject = C0909CE61D96384E00E3093A /* Project object */;
}
